{
    "_readme": [
        "This file locks the dependencies of your project to a known state",
        "Read more about it at https://getcomposer.org/doc/01-basic-usage.md#composer-lock-the-lock-file",
        "This file is @generated automatically"
    ],
    "hash": "2f9627c1f00077f0c6b00237b08c6d2e",
    "content-hash": "093b9d2c630294f86c3f5de0104b213a",
    "packages": [
        {
            "name": "underdev/settings",
            "version": "1.0",
            "source": {
                "type": "git",
                "url": "https://github.com/Kubitomakita/settings.git",
                "reference": "12822399600853849b79a55eb822533ed8f7d039"
            },
            "dist": {
                "type": "zip",
                "url": "https://api.github.com/repos/Kubitomakita/settings/zipball/12822399600853849b79a55eb822533ed8f7d039",
                "reference": "12822399600853849b79a55eb822533ed8f7d039",
                "shasum": ""
            },
            "type": "library",
            "autoload": {
                "psr-4": {
                    "underDEV\\Utils\\": "src"
                }
            },
            "notification-url": "https://packagist.org/downloads/",
            "authors": [
                {
                    "name": "Kuba Mikita",
                    "email": "jakub@underdev.it"
                }
            ],
            "description": "Settings library for WordPress plugins",
            "time": "2017-03-11 10:13:48"
        },
        {
            "name": "underdev/singleton",
            "version": "1.0",
            "source": {
                "type": "git",
                "url": "https://github.com/Kubitomakita/singleton.git",
                "reference": "d8da5daa1960fb9adf2687a9c332ec59ffe7acf4"
            },
            "dist": {
                "type": "zip",
                "url": "https://api.github.com/repos/Kubitomakita/singleton/zipball/d8da5daa1960fb9adf2687a9c332ec59ffe7acf4",
                "reference": "d8da5daa1960fb9adf2687a9c332ec59ffe7acf4",
                "shasum": ""
            },
            "type": "library",
            "autoload": {
                "psr-4": {
                    "underDEV\\Utils\\": "src"
                }
            },
            "notification-url": "https://packagist.org/downloads/",
            "authors": [
                {
                    "name": "Kuba Mikita",
                    "email": "jakub@underdev.it"
                }
            ],
            "description": "Singleton class",
            "time": "2017-03-11 10:26:02"
        }
    ],
    "packages-dev": [],
    "aliases": [],
    "minimum-stability": "stable",
    "stability-flags": [],
    "prefer-stable": false,
    "prefer-lowest": false,
    "platform": [],
    "platform-dev": []
}
