{
    "_readme": [
        "This file locks the dependencies of your project to a known state",
        "Read more about it at https://getcomposer.org/doc/01-basic-usage.md#composer-lock-the-lock-file",
        "This file is @generated automatically"
    ],
    "content-hash": "093b9d2c630294f86c3f5de0104b213a",
    "packages": [
        {
            "name": "underdev/settings",
            "version": "1.1.1",
            "source": {
                "type": "git",
                "url": "https://github.com/Kubitomakita/settings.git",
                "reference": "7c9ee4d1986906fef941376ee83d4313006530e3"
            },
            "dist": {
                "type": "zip",
                "url": "https://api.github.com/repos/Kubitomakita/settings/zipball/7c9ee4d1986906fef941376ee83d4313006530e3",
                "reference": "7c9ee4d1986906fef941376ee83d4313006530e3",
                "shasum": ""
            },
            "type": "library",
            "autoload": {
                "psr-4": {
                    "underDEV\\Utils\\": "src"
                }
            },
            "notification-url": "https://packagist.org/downloads/",
            "authors": [
                {
                    "name": "Kuba Mikita",
                    "email": "jakub@underdev.it"
                }
            ],
            "description": "Settings library for WordPress plugins",
            "time": "2017-06-08T12:36:58+00:00"
        },
        {
            "name": "underdev/singleton",
            "version": "1.1",
            "source": {
                "type": "git",
                "url": "https://github.com/Kubitomakita/singleton.git",
                "reference": "31a6625e118b94bd954a76a5d7395143a5d2a014"
            },
            "dist": {
                "type": "zip",
                "url": "https://api.github.com/repos/Kubitomakita/singleton/zipball/31a6625e118b94bd954a76a5d7395143a5d2a014",
                "reference": "31a6625e118b94bd954a76a5d7395143a5d2a014",
                "shasum": ""
            },
            "type": "library",
            "autoload": {
                "psr-4": {
                    "underDEV\\Utils\\": "src"
                }
            },
            "notification-url": "https://packagist.org/downloads/",
            "authors": [
                {
                    "name": "Kuba Mikita",
                    "email": "jakub@underdev.it"
                }
            ],
            "description": "Singleton class",
            "time": "2017-06-08T12:20:37+00:00"
        }
    ],
    "packages-dev": [],
    "aliases": [],
    "minimum-stability": "stable",
    "stability-flags": [],
    "prefer-stable": false,
    "prefer-lowest": false,
    "platform": [],
    "platform-dev": []
}
